{
    "version": 3,
    "terraform_version": "0.11.14",
    "serial": 8,
    "lineage": "c5439b38-25de-496f-25cd-6ee40eee86d9",
    "modules": [
        {
            "path": [
                "root"
            ],
            "outputs": {},
            "resources": {
                "aci_application_epg.admin": {
                    "type": "aci_application_epg",
                    "depends_on": [
                        "aci_application_profile.app1",
                        "aci_bridge_domain.bd1",
                        "aci_contract.contract_admin",
                        "data.aci_vmm_domain.vds"
                    ],
                    "primary": {
                        "id": "uni/tn-terraformDemo/ap-app1/epg-admin",
                        "attributes": {
                            "annotation": "",
                            "application_profile_dn": "uni/tn-terraformDemo/ap-app1",
                            "description": "",
                            "exception_tag": "",
                            "flood_on_encap": "disabled",
                            "fwd_ctrl": "",
                            "has_mcast_source": "no",
                            "id": "uni/tn-terraformDemo/ap-app1/epg-admin",
                            "is_attr_based_e_pg": "no",
                            "match_t": "AtleastOne",
                            "name": "admin",
                            "name_alias": "",
                            "pc_enf_pref": "unenforced",
                            "pref_gr_memb": "exclude",
                            "prio": "unspecified",
                            "relation_fv_rs_bd": "bd1",
                            "relation_fv_rs_cons.#": "1",
                            "relation_fv_rs_cons.2282622326": "admin",
                            "relation_fv_rs_cust_qos_pol": "",
                            "relation_fv_rs_dom_att.#": "1",
                            "relation_fv_rs_dom_att.3506785513": "uni/vmmp-VMware/dom-ACI-DVS",
                            "shutdown": "no"
                        },
                        "meta": {
                            "schema_version": "1"
                        },
                        "tainted": false
                    },
                    "deposed": [],
                    "provider": "provider.aci"
                },
                "aci_application_epg.epg1": {
                    "type": "aci_application_epg",
                    "depends_on": [
                        "aci_application_profile.app1",
                        "aci_bridge_domain.bd1",
                        "aci_contract.contract_admin",
                        "aci_contract.contract_epg1_epg2",
                        "data.aci_vmm_domain.vds"
                    ],
                    "primary": {
                        "id": "uni/tn-terraformDemo/ap-app1/epg-epg1",
                        "attributes": {
                            "annotation": "",
                            "application_profile_dn": "uni/tn-terraformDemo/ap-app1",
                            "description": "",
                            "exception_tag": "",
                            "flood_on_encap": "disabled",
                            "fwd_ctrl": "",
                            "has_mcast_source": "no",
                            "id": "uni/tn-terraformDemo/ap-app1/epg-epg1",
                            "is_attr_based_e_pg": "no",
                            "match_t": "AtleastOne",
                            "name": "epg1",
                            "name_alias": "",
                            "pc_enf_pref": "unenforced",
                            "pref_gr_memb": "exclude",
                            "prio": "unspecified",
                            "relation_fv_rs_bd": "bd1",
                            "relation_fv_rs_cons.#": "1",
                            "relation_fv_rs_cons.763657905": "Web",
                            "relation_fv_rs_cust_qos_pol": "",
                            "relation_fv_rs_dom_att.#": "1",
                            "relation_fv_rs_dom_att.3506785513": "uni/vmmp-VMware/dom-ACI-DVS",
                            "relation_fv_rs_prov.#": "1",
                            "relation_fv_rs_prov.2282622326": "admin",
                            "shutdown": "no"
                        },
                        "meta": {
                            "schema_version": "1"
                        },
                        "tainted": false
                    },
                    "deposed": [],
                    "provider": "provider.aci"
                },
                "aci_application_profile.app1": {
                    "type": "aci_application_profile",
                    "depends_on": [
                        "aci_tenant.demo"
                    ],
                    "primary": {
                        "id": "uni/tn-terraformDemo/ap-app1",
                        "attributes": {
                            "annotation": "",
                            "description": "",
                            "id": "uni/tn-terraformDemo/ap-app1",
                            "name": "app1",
                            "name_alias": "",
                            "prio": "unspecified",
                            "tenant_dn": "uni/tn-terraformDemo"
                        },
                        "meta": {
                            "schema_version": "1"
                        },
                        "tainted": false
                    },
                    "deposed": [],
                    "provider": "provider.aci"
                },
                "aci_bridge_domain.bd1": {
                    "type": "aci_bridge_domain",
                    "depends_on": [
                        "aci_tenant.demo",
                        "aci_vrf.vrf1"
                    ],
                    "primary": {
                        "id": "uni/tn-terraformDemo/BD-bd1",
                        "attributes": {
                            "annotation": "",
                            "arp_flood": "no",
                            "bridge_domain_type": "regular",
                            "description": "",
                            "ep_clear": "no",
                            "ep_move_detect_mode": "",
                            "host_based_routing": "no",
                            "id": "uni/tn-terraformDemo/BD-bd1",
                            "intersite_bum_traffic_allow": "no",
                            "intersite_l2_stretch": "no",
                            "ip_learning": "yes",
                            "ipv6_mcast_allow": "",
                            "limit_ip_learn_to_subnets": "yes",
                            "ll_addr": "::",
                            "mac": "00:22:BD:F8:19:FF",
                            "mcast_allow": "no",
                            "multi_dst_pkt_act": "bd-flood",
                            "name": "bd1",
                            "name_alias": "",
                            "optimize_wan_bandwidth": "no",
                            "relation_fv_rs_bd_to_ep_ret": "",
                            "relation_fv_rs_bd_to_nd_p": "",
                            "relation_fv_rs_ctx": "vrf1",
                            "relation_fv_rs_igmpsn": "",
                            "relation_fv_rs_mldsn": "",
                            "tenant_dn": "uni/tn-terraformDemo",
                            "unicast_route": "yes",
                            "unk_mac_ucast_act": "proxy",
                            "unk_mcast_act": "flood",
                            "v6unk_mcast_act": "flood",
                            "vmac": "not-applicable"
                        },
                        "meta": {
                            "schema_version": "1"
                        },
                        "tainted": false
                    },
                    "deposed": [],
                    "provider": "provider.aci"
                },
                "aci_contract.contract_admin": {
                    "type": "aci_contract",
                    "depends_on": [
                        "aci_tenant.demo"
                    ],
                    "primary": {
                        "id": "uni/tn-terraformDemo/brc-admin",
                        "attributes": {
                            "annotation": "",
                            "description": "",
                            "id": "uni/tn-terraformDemo/brc-admin",
                            "name": "admin",
                            "name_alias": "",
                            "prio": "unspecified",
                            "scope": "context",
                            "target_dscp": "unspecified",
                            "tenant_dn": "uni/tn-terraformDemo"
                        },
                        "meta": {
                            "schema_version": "1"
                        },
                        "tainted": false
                    },
                    "deposed": [],
                    "provider": "provider.aci"
                },
                "aci_contract.contract_epg1_epg2": {
                    "type": "aci_contract",
                    "depends_on": [
                        "aci_tenant.demo"
                    ],
                    "primary": {
                        "id": "uni/tn-terraformDemo/brc-Web",
                        "attributes": {
                            "annotation": "",
                            "description": "",
                            "id": "uni/tn-terraformDemo/brc-Web",
                            "name": "Web",
                            "name_alias": "",
                            "prio": "unspecified",
                            "scope": "context",
                            "target_dscp": "unspecified",
                            "tenant_dn": "uni/tn-terraformDemo"
                        },
                        "meta": {
                            "schema_version": "1"
                        },
                        "tainted": false
                    },
                    "deposed": [],
                    "provider": "provider.aci"
                },
                "aci_contract_subject.Web_subject1": {
                    "type": "aci_contract_subject",
                    "depends_on": [
                        "aci_contract.contract_epg1_epg2",
                        "aci_filter.allow_https",
                        "aci_filter.allow_icmp"
                    ],
                    "primary": {
                        "id": "uni/tn-terraformDemo/brc-Web/subj-Subject",
                        "attributes": {
                            "annotation": "",
                            "cons_match_t": "AtleastOne",
                            "contract_dn": "uni/tn-terraformDemo/brc-Web",
                            "description": "",
                            "id": "uni/tn-terraformDemo/brc-Web/subj-Subject",
                            "name": "Subject",
                            "name_alias": "",
                            "prio": "unspecified",
                            "prov_match_t": "AtleastOne",
                            "relation_vz_rs_subj_filt_att.#": "2",
                            "relation_vz_rs_subj_filt_att.2925075057": "allow_https",
                            "relation_vz_rs_subj_filt_att.3184472117": "allow_icmp",
                            "rev_flt_ports": "yes",
                            "target_dscp": "unspecified"
                        },
                        "meta": {
                            "schema_version": "1"
                        },
                        "tainted": false
                    },
                    "deposed": [],
                    "provider": "provider.aci"
                },
                "aci_contract_subject.admin_subject": {
                    "type": "aci_contract_subject",
                    "depends_on": [
                        "aci_contract.contract_admin",
                        "aci_filter.allow_ssh"
                    ],
                    "primary": {
                        "id": "uni/tn-terraformDemo/brc-admin/subj-Subject",
                        "attributes": {
                            "annotation": "",
                            "cons_match_t": "AtleastOne",
                            "contract_dn": "uni/tn-terraformDemo/brc-admin",
                            "description": "",
                            "id": "uni/tn-terraformDemo/brc-admin/subj-Subject",
                            "name": "Subject",
                            "name_alias": "",
                            "prio": "unspecified",
                            "prov_match_t": "AtleastOne",
                            "relation_vz_rs_subj_filt_att.#": "1",
                            "relation_vz_rs_subj_filt_att.1454479838": "allow_ssh",
                            "rev_flt_ports": "yes",
                            "target_dscp": "unspecified"
                        },
                        "meta": {
                            "schema_version": "1"
                        },
                        "tainted": false
                    },
                    "deposed": [],
                    "provider": "provider.aci"
                },
                "aci_filter.allow_https": {
                    "type": "aci_filter",
                    "depends_on": [
                        "aci_tenant.demo"
                    ],
                    "primary": {
                        "id": "uni/tn-terraformDemo/flt-allow_https",
                        "attributes": {
                            "annotation": "",
                            "description": "",
                            "id": "uni/tn-terraformDemo/flt-allow_https",
                            "name": "allow_https",
                            "name_alias": "",
                            "relation_vz_rs_fwd_r_flt_p_att": "",
                            "relation_vz_rs_rev_r_flt_p_att": "",
                            "tenant_dn": "uni/tn-terraformDemo"
                        },
                        "meta": {
                            "schema_version": "1"
                        },
                        "tainted": false
                    },
                    "deposed": [],
                    "provider": "provider.aci"
                },
                "aci_filter.allow_icmp": {
                    "type": "aci_filter",
                    "depends_on": [
                        "aci_tenant.demo"
                    ],
                    "primary": {
                        "id": "uni/tn-terraformDemo/flt-allow_icmp",
                        "attributes": {
                            "annotation": "",
                            "description": "",
                            "id": "uni/tn-terraformDemo/flt-allow_icmp",
                            "name": "allow_icmp",
                            "name_alias": "",
                            "relation_vz_rs_fwd_r_flt_p_att": "",
                            "relation_vz_rs_rev_r_flt_p_att": "",
                            "tenant_dn": "uni/tn-terraformDemo"
                        },
                        "meta": {
                            "schema_version": "1"
                        },
                        "tainted": false
                    },
                    "deposed": [],
                    "provider": "provider.aci"
                },
                "aci_filter.allow_ssh": {
                    "type": "aci_filter",
                    "depends_on": [
                        "aci_tenant.demo"
                    ],
                    "primary": {
                        "id": "uni/tn-terraformDemo/flt-allow_ssh",
                        "attributes": {
                            "annotation": "",
                            "description": "",
                            "id": "uni/tn-terraformDemo/flt-allow_ssh",
                            "name": "allow_ssh",
                            "name_alias": "",
                            "relation_vz_rs_fwd_r_flt_p_att": "",
                            "relation_vz_rs_rev_r_flt_p_att": "",
                            "tenant_dn": "uni/tn-terraformDemo"
                        },
                        "meta": {
                            "schema_version": "1"
                        },
                        "tainted": false
                    },
                    "deposed": [],
                    "provider": "provider.aci"
                },
                "aci_filter_entry.https": {
                    "type": "aci_filter_entry",
                    "depends_on": [
                        "aci_filter.allow_https"
                    ],
                    "primary": {
                        "id": "uni/tn-terraformDemo/flt-allow_https/e-https",
                        "attributes": {
                            "annotation": "",
                            "apply_to_frag": "no",
                            "arp_opc": "unspecified",
                            "d_from_port": "8080",
                            "d_to_port": "8080",
                            "description": "",
                            "ether_t": "ip",
                            "filter_dn": "uni/tn-terraformDemo/flt-allow_https",
                            "icmpv4_t": "unspecified",
                            "icmpv6_t": "unspecified",
                            "id": "uni/tn-terraformDemo/flt-allow_https/e-https",
                            "match_dscp": "unspecified",
                            "name": "https",
                            "name_alias": "",
                            "prot": "tcp",
                            "s_from_port": "unspecified",
                            "s_to_port": "unspecified",
                            "stateful": "yes",
                            "tcp_rules": ""
                        },
                        "meta": {
                            "schema_version": "1"
                        },
                        "tainted": false
                    },
                    "deposed": [],
                    "provider": "provider.aci"
                },
                "aci_filter_entry.icmp": {
                    "type": "aci_filter_entry",
                    "depends_on": [
                        "aci_filter.allow_icmp"
                    ],
                    "primary": {
                        "id": "uni/tn-terraformDemo/flt-allow_icmp/e-icmp",
                        "attributes": {
                            "annotation": "",
                            "apply_to_frag": "no",
                            "arp_opc": "unspecified",
                            "d_from_port": "unspecified",
                            "d_to_port": "unspecified",
                            "description": "",
                            "ether_t": "ip",
                            "filter_dn": "uni/tn-terraformDemo/flt-allow_icmp",
                            "icmpv4_t": "unspecified",
                            "icmpv6_t": "unspecified",
                            "id": "uni/tn-terraformDemo/flt-allow_icmp/e-icmp",
                            "match_dscp": "unspecified",
                            "name": "icmp",
                            "name_alias": "",
                            "prot": "icmp",
                            "s_from_port": "unspecified",
                            "s_to_port": "unspecified",
                            "stateful": "yes",
                            "tcp_rules": ""
                        },
                        "meta": {
                            "schema_version": "1"
                        },
                        "tainted": false
                    },
                    "deposed": [],
                    "provider": "provider.aci"
                },
                "aci_filter_entry.ssh": {
                    "type": "aci_filter_entry",
                    "depends_on": [
                        "aci_filter.allow_ssh"
                    ],
                    "primary": {
                        "id": "uni/tn-terraformDemo/flt-allow_ssh/e-ssh",
                        "attributes": {
                            "annotation": "",
                            "apply_to_frag": "no",
                            "arp_opc": "unspecified",
                            "d_from_port": "22",
                            "d_to_port": "22",
                            "description": "",
                            "ether_t": "ip",
                            "filter_dn": "uni/tn-terraformDemo/flt-allow_ssh",
                            "icmpv4_t": "unspecified",
                            "icmpv6_t": "unspecified",
                            "id": "uni/tn-terraformDemo/flt-allow_ssh/e-ssh",
                            "match_dscp": "unspecified",
                            "name": "ssh",
                            "name_alias": "",
                            "prot": "tcp",
                            "s_from_port": "unspecified",
                            "s_to_port": "unspecified",
                            "stateful": "yes",
                            "tcp_rules": ""
                        },
                        "meta": {
                            "schema_version": "1"
                        },
                        "tainted": false
                    },
                    "deposed": [],
                    "provider": "provider.aci"
                },
                "aci_subnet.bd1_subnet": {
                    "type": "aci_subnet",
                    "depends_on": [
                        "aci_bridge_domain.bd1"
                    ],
                    "primary": {
                        "id": "uni/tn-terraformDemo/BD-bd1/subnet-[1.1.1.1/24]",
                        "attributes": {
                            "annotation": "",
                            "bridge_domain_dn": "uni/tn-terraformDemo/BD-bd1",
                            "ctrl": "nd",
                            "description": "",
                            "id": "uni/tn-terraformDemo/BD-bd1/subnet-[1.1.1.1/24]",
                            "ip": "1.1.1.1/24",
                            "name_alias": "",
                            "preferred": "no",
                            "scope": "private",
                            "virtual": "no"
                        },
                        "meta": {
                            "schema_version": "1"
                        },
                        "tainted": false
                    },
                    "deposed": [],
                    "provider": "provider.aci"
                },
                "aci_tenant.demo": {
                    "type": "aci_tenant",
                    "depends_on": [],
                    "primary": {
                        "id": "uni/tn-terraformDemo",
                        "attributes": {
                            "annotation": "",
                            "description": "created by terraform",
                            "id": "uni/tn-terraformDemo",
                            "name": "terraformDemo",
                            "name_alias": "",
                            "relation_fv_rs_tenant_mon_pol": ""
                        },
                        "meta": {
                            "schema_version": "1"
                        },
                        "tainted": false
                    },
                    "deposed": [],
                    "provider": "provider.aci"
                },
                "aci_vrf.vrf1": {
                    "type": "aci_vrf",
                    "depends_on": [
                        "aci_tenant.demo"
                    ],
                    "primary": {
                        "id": "uni/tn-terraformDemo/ctx-vrf1",
                        "attributes": {
                            "annotation": "",
                            "bd_enforced_enable": "no",
                            "description": "",
                            "id": "uni/tn-terraformDemo/ctx-vrf1",
                            "ip_data_plane_learning": "enabled",
                            "knw_mcast_act": "permit",
                            "name": "vrf1",
                            "name_alias": "",
                            "pc_enf_dir": "ingress",
                            "pc_enf_pref": "enforced",
                            "relation_fv_rs_bgp_ctx_pol": "",
                            "relation_fv_rs_ctx_to_ep_ret": "",
                            "relation_fv_rs_ctx_to_ext_route_tag_pol": "",
                            "relation_fv_rs_ospf_ctx_pol": "",
                            "relation_fv_rs_vrf_validation_pol": "",
                            "tenant_dn": "uni/tn-terraformDemo"
                        },
                        "meta": {
                            "schema_version": "1"
                        },
                        "tainted": false
                    },
                    "deposed": [],
                    "provider": "provider.aci"
                },
                "data.aci_vmm_domain.vds": {
                    "type": "aci_vmm_domain",
                    "depends_on": [],
                    "primary": {
                        "id": "uni/vmmp-VMware/dom-ACI-DVS",
                        "attributes": {
                            "access_mode": "read-write",
                            "annotation": "",
                            "arp_learning": "",
                            "ave_time_out": "30",
                            "config_infra_pg": "no",
                            "ctrl_knob": "epDpVerify",
                            "delimiter": "",
                            "description": "{}",
                            "enable_ave": "no",
                            "enable_tag": "no",
                            "encap_mode": "unknown",
                            "enf_pref": "hw",
                            "ep_inventory_type": "on-link",
                            "ep_ret_time": "0",
                            "hv_avail_monitor": "no",
                            "id": "uni/vmmp-VMware/dom-ACI-DVS",
                            "mcast_addr": "0.0.0.0",
                            "mode": "default",
                            "name": "ACI-DVS",
                            "name_alias": "",
                            "pref_encap_mode": "unspecified",
                            "provider_profile_dn": "uni/vmmp-VMware"
                        },
                        "meta": {
                            "schema_version": "1"
                        },
                        "tainted": false
                    },
                    "deposed": [],
                    "provider": "provider.aci"
                }
            },
            "depends_on": []
        }
    ]
}
